
Microsoft Visual Studio Solution File, Format Version 12.00
# Visual Studio Version 16
VisualStudioVersion = 16.0.31613.86
MinimumVisualStudioVersion = 10.0.40219.1
Project("{FAE04EC0-301F-11D3-BF4B-00C04F79EFBC}") = "parcial2", "parcial2\parcial2.csproj", "{5BFA231A-59FF-4D0D-975C-1278D1A4489F}"
EndProject
Global
	GlobalSection(SolutionConfigurationPlatforms) = preSolution
		Debug|Any CPU = Debug|Any CPU
		Release|Any CPU = Release|Any CPU
	EndGlobalSection
	GlobalSection(ProjectConfigurationPlatforms) = postSolution
		{5BFA231A-59FF-4D0D-975C-1278D1A4489F}.Debug|Any CPU.ActiveCfg = Debug|Any CPU
		{5BFA231A-59FF-4D0D-975C-1278D1A4489F}.Debug|Any CPU.Build.0 = Debug|Any CPU
		{5BFA231A-59FF-4D0D-975C-1278D1A4489F}.Release|Any CPU.ActiveCfg = Release|Any CPU
		{5BFA231A-59FF-4D0D-975C-1278D1A4489F}.Release|Any CPU.Build.0 = Release|Any CPU
	EndGlobalSection
	GlobalSection(SolutionProperties) = preSolution
		HideSolutionNode = FALSE
	EndGlobalSection
	GlobalSection(ExtensibilityGlobals) = postSolution
		SolutionGuid = {D4666C67-4A73-4224-B37A-E3A959928032}
	EndGlobalSection
EndGlobal
